// !$*UTF8*$!
{
	archiveVersion = 1;
	classes = {
	};
	objectVersion = 46;
	objects = {

/* Begin PBXBuildFile section */
		3730A34E1850B5A500B8EC4F /* Foundation.framework in Frameworks */ = {isa = PBXBuildFile; fileRef = 3730A34D1850B5A500B8EC4F /* Foundation.framework */; };
		3730A3501850B5A500B8EC4F /* CoreGraphics.framework in Frameworks */ = {isa = PBXBuildFile; fileRef = 3730A34F1850B5A500B8EC4F /* CoreGraphics.framework */; };
		3730A3521850B5A500B8EC4F /* UIKit.framework in Frameworks */ = {isa = PBXBuildFile; fileRef = 3730A3511850B5A500B8EC4F /* UIKit.framework */; };
		3730A3581850B5A500B8EC4F /* InfoPlist.strings in Resources */ = {isa = PBXBuildFile; fileRef = 3730A3561850B5A500B8EC4F /* InfoPlist.strings */; };
		3730A35A1850B5A500B8EC4F /* main.m in Sources */ = {isa = PBXBuildFile; fileRef = 3730A3591850B5A500B8EC4F /* main.m */; };
		3730A35E1850B5A500B8EC4F /* AppDelegate.m in Sources */ = {isa = PBXBuildFile; fileRef = 3730A35D1850B5A500B8EC4F /* AppDelegate.m */; };
		3730A3611850B5A500B8EC4F /* Main.storyboard in Resources */ = {isa = PBXBuildFile; fileRef = 3730A35F1850B5A500B8EC4F /* Main.storyboard */; };
		3730A3641850B5A500B8EC4F /* ViewController.m in Sources */ = {isa = PBXBuildFile; fileRef = 3730A3631850B5A500B8EC4F /* ViewController.m */; };
		3730A3661850B5A500B8EC4F /* Images.xcassets in Resources */ = {isa = PBXBuildFile; fileRef = 3730A3651850B5A500B8EC4F /* Images.xcassets */; };
		3730A36D1850B5A500B8EC4F /* XCTest.framework in Frameworks */ = {isa = PBXBuildFile; fileRef = 3730A36C1850B5A500B8EC4F /* XCTest.framework */; };
		3730A36E1850B5A500B8EC4F /* Foundation.framework in Frameworks */ = {isa = PBXBuildFile; fileRef = 3730A34D1850B5A500B8EC4F /* Foundation.framework */; };
		3730A36F1850B5A500B8EC4F /* UIKit.framework in Frameworks */ = {isa = PBXBuildFile; fileRef = 3730A3511850B5A500B8EC4F /* UIKit.framework */; };
		3730A3771850B5A500B8EC4F /* InfoPlist.strings in Resources */ = {isa = PBXBuildFile; fileRef = 3730A3751850B5A500B8EC4F /* InfoPlist.strings */; };
		3730A3791850B5A500B8EC4F /* WOLFMobilTests.m in Sources */ = {isa = PBXBuildFile; fileRef = 3730A3781850B5A500B8EC4F /* WOLFMobilTests.m */; };
		3730A3931850C43F00B8EC4F /* AuswahlViewController.m in Sources */ = {isa = PBXBuildFile; fileRef = 3730A3921850C43F00B8EC4F /* AuswahlViewController.m */; };
		3730A3951850CA5A00B8EC4F /* logo.jpg in Resources */ = {isa = PBXBuildFile; fileRef = 3730A3941850CA5A00B8EC4F /* logo.jpg */; };
		3730A3981850D24900B8EC4F /* AuftragViewController.m in Sources */ = {isa = PBXBuildFile; fileRef = 3730A3971850D24900B8EC4F /* AuftragViewController.m */; };
		B88471181850F43A00CB4300 /* AuftragCell.m in Sources */ = {isa = PBXBuildFile; fileRef = B88471171850F43A00CB4300 /* AuftragCell.m */; };
		B8B6C5C41850E615004D8038 /* DetailViewController.m in Sources */ = {isa = PBXBuildFile; fileRef = B8B6C5C31850E615004D8038 /* DetailViewController.m */; };
/* End PBXBuildFile section */

/* Begin PBXContainerItemProxy section */
		3730A3701850B5A500B8EC4F /* PBXContainerItemProxy */ = {
			isa = PBXContainerItemProxy;
			containerPortal = 3730A3421850B5A500B8EC4F /* Project object */;
			proxyType = 1;
			remoteGlobalIDString = 3730A3491850B5A500B8EC4F;
			remoteInfo = WOLFMobil;
		};
/* End PBXContainerItemProxy section */

/* Begin PBXFileReference section */
		3730A34A1850B5A500B8EC4F /* WOLFMobil.app */ = {isa = PBXFileReference; explicitFileType = wrapper.application; includeInIndex = 0; path = WOLFMobil.app; sourceTree = BUILT_PRODUCTS_DIR; };
		3730A34D1850B5A500B8EC4F /* Foundation.framework */ = {isa = PBXFileReference; lastKnownFileType = wrapper.framework; name = Foundation.framework; path = System/Library/Frameworks/Foundation.framework; sourceTree = SDKROOT; };
		3730A34F1850B5A500B8EC4F /* CoreGraphics.framework */ = {isa = PBXFileReference; lastKnownFileType = wrapper.framework; name = CoreGraphics.framework; path = System/Library/Frameworks/CoreGraphics.framework; sourceTree = SDKROOT; };
		3730A3511850B5A500B8EC4F /* UIKit.framework */ = {isa = PBXFileReference; lastKnownFileType = wrapper.framework; name = UIKit.framework; path = System/Library/Frameworks/UIKit.framework; sourceTree = SDKROOT; };
		3730A3551850B5A500B8EC4F /* WOLFMobil-Info.plist */ = {isa = PBXFileReference; lastKnownFileType = text.plist.xml; path = "WOLFMobil-Info.plist"; sourceTree = "<group>"; };
		3730A3571850B5A500B8EC4F /* en */ = {isa = PBXFileReference; lastKnownFileType = text.plist.strings; name = en; path = en.lproj/InfoPlist.strings; sourceTree = "<group>"; };
		3730A3591850B5A500B8EC4F /* main.m */ = {isa = PBXFileReference; lastKnownFileType = sourcecode.c.objc; path = main.m; sourceTree = "<group>"; };
		3730A35B1850B5A500B8EC4F /* WOLFMobil-Prefix.pch */ = {isa = PBXFileReference; lastKnownFileType = sourcecode.c.h; path = "WOLFMobil-Prefix.pch"; sourceTree = "<group>"; };
		3730A35C1850B5A500B8EC4F /* AppDelegate.h */ = {isa = PBXFileReference; lastKnownFileType = sourcecode.c.h; path = AppDelegate.h; sourceTree = "<group>"; };
		3730A35D1850B5A500B8EC4F /* AppDelegate.m */ = {isa = PBXFileReference; lastKnownFileType = sourcecode.c.objc; path = AppDelegate.m; sourceTree = "<group>"; };
		3730A3601850B5A500B8EC4F /* Base */ = {isa = PBXFileReference; lastKnownFileType = file.storyboard; name = Base; path = Base.lproj/Main.storyboard; sourceTree = "<group>"; };
		3730A3621850B5A500B8EC4F /* ViewController.h */ = {isa = PBXFileReference; lastKnownFileType = sourcecode.c.h; path = ViewController.h; sourceTree = "<group>"; };
		3730A3631850B5A500B8EC4F /* ViewController.m */ = {isa = PBXFileReference; lastKnownFileType = sourcecode.c.objc; path = ViewController.m; sourceTree = "<group>"; };
		3730A3651850B5A500B8EC4F /* Images.xcassets */ = {isa = PBXFileReference; lastKnownFileType = folder.assetcatalog; path = Images.xcassets; sourceTree = "<group>"; };
		3730A36B1850B5A500B8EC4F /* WOLFMobilTests.xctest */ = {isa = PBXFileReference; explicitFileType = wrapper.cfbundle; includeInIndex = 0; path = WOLFMobilTests.xctest; sourceTree = BUILT_PRODUCTS_DIR; };
		3730A36C1850B5A500B8EC4F /* XCTest.framework */ = {isa = PBXFileReference; lastKnownFileType = wrapper.framework; name = XCTest.framework; path = Library/Frameworks/XCTest.framework; sourceTree = DEVELOPER_DIR; };
		3730A3741850B5A500B8EC4F /* WOLFMobilTests-Info.plist */ = {isa = PBXFileReference; lastKnownFileType = text.plist.xml; path = "WOLFMobilTests-Info.plist"; sourceTree = "<group>"; };
		3730A3761850B5A500B8EC4F /* en */ = {isa = PBXFileReference; lastKnownFileType = text.plist.strings; name = en; path = en.lproj/InfoPlist.strings; sourceTree = "<group>"; };
		3730A3781850B5A500B8EC4F /* WOLFMobilTests.m */ = {isa = PBXFileReference; lastKnownFileType = sourcecode.c.objc; path = WOLFMobilTests.m; sourceTree = "<group>"; };
		3730A3911850C43F00B8EC4F /* AuswahlViewController.h */ = {isa = PBXFileReference; fileEncoding = 4; lastKnownFileType = sourcecode.c.h; path = AuswahlViewController.h; sourceTree = "<group>"; };
		3730A3921850C43F00B8EC4F /* AuswahlViewController.m */ = {isa = PBXFileReference; fileEncoding = 4; lastKnownFileType = sourcecode.c.objc; path = AuswahlViewController.m; sourceTree = "<group>"; };
		3730A3941850CA5A00B8EC4F /* logo.jpg */ = {isa = PBXFileReference; lastKnownFileType = image.jpeg; path = logo.jpg; sourceTree = "<group>"; };
		3730A3961850D24900B8EC4F /* AuftragViewController.h */ = {isa = PBXFileReference; fileEncoding = 4; lastKnownFileType = sourcecode.c.h; path = AuftragViewController.h; sourceTree = "<group>"; };
		3730A3971850D24900B8EC4F /* AuftragViewController.m */ = {isa = PBXFileReference; fileEncoding = 4; lastKnownFileType = sourcecode.c.objc; path = AuftragViewController.m; sourceTree = "<group>"; };
		B88471161850F43A00CB4300 /* AuftragCell.h */ = {isa = PBXFileReference; fileEncoding = 4; lastKnownFileType = sourcecode.c.h; path = AuftragCell.h; sourceTree = "<group>"; };
		B88471171850F43A00CB4300 /* AuftragCell.m */ = {isa = PBXFileReference; fileEncoding = 4; lastKnownFileType = sourcecode.c.objc; path = AuftragCell.m; sourceTree = "<group>"; };
		B8B6C5C21850E615004D8038 /* DetailViewController.h */ = {isa = PBXFileReference; fileEncoding = 4; lastKnownFileType = sourcecode.c.h; path = DetailViewController.h; sourceTree = "<group>"; };
		B8B6C5C31850E615004D8038 /* DetailViewController.m */ = {isa = PBXFileReference; fileEncoding = 4; lastKnownFileType = sourcecode.c.objc; path = DetailViewController.m; sourceTree = "<group>"; };
/* End PBXFileReference section */

/* Begin PBXFrameworksBuildPhase section */
		3730A3471850B5A500B8EC4F /* Frameworks */ = {
			isa = PBXFrameworksBuildPhase;
			buildActionMask = 2147483647;
			files = (
				3730A3501850B5A500B8EC4F /* CoreGraphics.framework in Frameworks */,
				3730A3521850B5A500B8EC4F /* UIKit.framework in Frameworks */,
				3730A34E1850B5A500B8EC4F /* Foundation.framework in Frameworks */,
			);
			runOnlyForDeploymentPostprocessing = 0;
		};
		3730A3681850B5A500B8EC4F /* Frameworks */ = {
			isa = PBXFrameworksBuildPhase;
			buildActionMask = 2147483647;
			files = (
				3730A36D1850B5A500B8EC4F /* XCTest.framework in Frameworks */,
				3730A36F1850B5A500B8EC4F /* UIKit.framework in Frameworks */,
				3730A36E1850B5A500B8EC4F /* Foundation.framework in Frameworks */,
			);
			runOnlyForDeploymentPostprocessing = 0;
		};
/* End PBXFrameworksBuildPhase section */

/* Begin PBXGroup section */
		3730A3411850B5A500B8EC4F = {
			isa = PBXGroup;
			children = (
				3730A3531850B5A500B8EC4F /* WOLFMobil */,
				3730A3721850B5A500B8EC4F /* WOLFMobilTests */,
				3730A34C1850B5A500B8EC4F /* Frameworks */,
				3730A34B1850B5A500B8EC4F /* Products */,
			);
			sourceTree = "<group>";
		};
		3730A34B1850B5A500B8EC4F /* Products */ = {
			isa = PBXGroup;
			children = (
				3730A34A1850B5A500B8EC4F /* WOLFMobil.app */,
				3730A36B1850B5A500B8EC4F /* WOLFMobilTests.xctest */,
			);
			name = Products;
			sourceTree = "<group>";
		};
		3730A34C1850B5A500B8EC4F /* Frameworks */ = {
			isa = PBXGroup;
			children = (
				3730A34D1850B5A500B8EC4F /* Foundation.framework */,
				3730A34F1850B5A500B8EC4F /* CoreGraphics.framework */,
				3730A3511850B5A500B8EC4F /* UIKit.framework */,
				3730A36C1850B5A500B8EC4F /* XCTest.framework */,
			);
			name = Frameworks;
			sourceTree = "<group>";
		};
		3730A3531850B5A500B8EC4F /* WOLFMobil */ = {
			isa = PBXGroup;
			children = (
				3730A3941850CA5A00B8EC4F /* logo.jpg */,
				3730A35C1850B5A500B8EC4F /* AppDelegate.h */,
				3730A35D1850B5A500B8EC4F /* AppDelegate.m */,
				3730A35F1850B5A500B8EC4F /* Main.storyboard */,
				3730A3621850B5A500B8EC4F /* ViewController.h */,
				3730A3631850B5A500B8EC4F /* ViewController.m */,
				3730A3651850B5A500B8EC4F /* Images.xcassets */,
				3730A3541850B5A500B8EC4F /* Supporting Files */,
				3730A3911850C43F00B8EC4F /* AuswahlViewController.h */,
				3730A3921850C43F00B8EC4F /* AuswahlViewController.m */,
				3730A3961850D24900B8EC4F /* AuftragViewController.h */,
				3730A3971850D24900B8EC4F /* AuftragViewController.m */,
				B8B6C5C21850E615004D8038 /* DetailViewController.h */,
				B8B6C5C31850E615004D8038 /* DetailViewController.m */,
				B88471161850F43A00CB4300 /* AuftragCell.h */,
				B88471171850F43A00CB4300 /* AuftragCell.m */,
			);
			path = WOLFMobil;
			sourceTree = "<group>";
		};
		3730A3541850B5A500B8EC4F /* Supporting Files */ = {
			isa = PBXGroup;
			children = (
				3730A3551850B5A500B8EC4F /* WOLFMobil-Info.plist */,
				3730A3561850B5A500B8EC4F /* InfoPlist.strings */,
				3730A3591850B5A500B8EC4F /* main.m */,
				3730A35B1850B5A500B8EC4F /* WOLFMobil-Prefix.pch */,
			);
			name = "Supporting Files";
			sourceTree = "<group>";
		};
		3730A3721850B5A500B8EC4F /* WOLFMobilTests */ = {
			isa = PBXGroup;
			children = (
				3730A3781850B5A500B8EC4F /* WOLFMobilTests.m */,
				3730A3731850B5A500B8EC4F /* Supporting Files */,
			);
			path = WOLFMobilTests;
			sourceTree = "<group>";
		};
		3730A3731850B5A500B8EC4F /* Supporting Files */ = {
			isa = PBXGroup;
			children = (
				3730A3741850B5A500B8EC4F /* WOLFMobilTests-Info.plist */,
				3730A3751850B5A500B8EC4F /* InfoPlist.strings */,
			);
			name = "Supporting Files";
			sourceTree = "<group>";
		};
/* End PBXGroup section */

/* Begin PBXNativeTarget section */
		3730A3491850B5A500B8EC4F /* WOLFMobil */ = {
			isa = PBXNativeTarget;
			buildConfigurationList = 3730A37C1850B5A500B8EC4F /* Build configuration list for PBXNativeTarget "WOLFMobil" */;
			buildPhases = (
				3730A3461850B5A500B8EC4F /* Sources */,
				3730A3471850B5A500B8EC4F /* Frameworks */,
				3730A3481850B5A500B8EC4F /* Resources */,
			);
			buildRules = (
			);
			dependencies = (
			);
			name = WOLFMobil;
			productName = WOLFMobil;
			productReference = 3730A34A1850B5A500B8EC4F /* WOLFMobil.app */;
			productType = "com.apple.product-type.application";
		};
		3730A36A1850B5A500B8EC4F /* WOLFMobilTests */ = {
			isa = PBXNativeTarget;
			buildConfigurationList = 3730A37F1850B5A500B8EC4F /* Build configuration list for PBXNativeTarget "WOLFMobilTests" */;
			buildPhases = (
				3730A3671850B5A500B8EC4F /* Sources */,
				3730A3681850B5A500B8EC4F /* Frameworks */,
				3730A3691850B5A500B8EC4F /* Resources */,
			);
			buildRules = (
			);
			dependencies = (
				3730A3711850B5A500B8EC4F /* PBXTargetDependency */,
			);
			name = WOLFMobilTests;
			productName = WOLFMobilTests;
			productReference = 3730A36B1850B5A500B8EC4F /* WOLFMobilTests.xctest */;
			productType = "com.apple.product-type.bundle.unit-test";
		};
/* End PBXNativeTarget section */

/* Begin PBXProject section */
		3730A3421850B5A500B8EC4F /* Project object */ = {
			isa = PBXProject;
			attributes = {
				LastUpgradeCheck = 0500;
				ORGANIZATIONNAME = "Martin Kuenz";
				TargetAttributes = {
					3730A3491850B5A500B8EC4F = {
						DevelopmentTeam = RKDQPG2MBM;
					};
					3730A36A1850B5A500B8EC4F = {
						TestTargetID = 3730A3491850B5A500B8EC4F;
					};
				};
			};
			buildConfigurationList = 3730A3451850B5A500B8EC4F /* Build configuration list for PBXProject "WOLFMobil" */;
			compatibilityVersion = "Xcode 3.2";
			developmentRegion = English;
			hasScannedForEncodings = 0;
			knownRegions = (
				en,
				Base,
			);
			mainGroup = 3730A3411850B5A500B8EC4F;
			productRefGroup = 3730A34B1850B5A500B8EC4F /* Products */;
			projectDirPath = "";
			projectRoot = "";
			targets = (
				3730A3491850B5A500B8EC4F /* WOLFMobil */,
				3730A36A1850B5A500B8EC4F /* WOLFMobilTests */,
			);
		};
/* End PBXProject section */

/* Begin PBXResourcesBuildPhase section */
		3730A3481850B5A500B8EC4F /* Resources */ = {
			isa = PBXResourcesBuildPhase;
			buildActionMask = 2147483647;
			files = (
				3730A3951850CA5A00B8EC4F /* logo.jpg in Resources */,
				3730A3661850B5A500B8EC4F /* Images.xcassets in Resources */,
				3730A3581850B5A500B8EC4F /* InfoPlist.strings in Resources */,
				3730A3611850B5A500B8EC4F /* Main.storyboard in Resources */,
			);
			runOnlyForDeploymentPostprocessing = 0;
		};
		3730A3691850B5A500B8EC4F /* Resources */ = {
			isa = PBXResourcesBuildPhase;
			buildActionMask = 2147483647;
			files = (
				3730A3771850B5A500B8EC4F /* InfoPlist.strings in Resources */,
			);
			runOnlyForDeploymentPostprocessing = 0;
		};
/* End PBXResourcesBuildPhase section */

/* Begin PBXSourcesBuildPhase section */
		3730A3461850B5A500B8EC4F /* Sources */ = {
			isa = PBXSourcesBuildPhase;
			buildActionMask = 2147483647;
			files = (
				3730A3641850B5A500B8EC4F /* ViewController.m in Sources */,
				B88471181850F43A00CB4300 /* AuftragCell.m in Sources */,
				3730A35E1850B5A500B8EC4F /* AppDelegate.m in Sources */,
				3730A3931850C43F00B8EC4F /* AuswahlViewController.m in Sources */,
				3730A35A1850B5A500B8EC4F /* main.m in Sources */,
				3730A3981850D24900B8EC4F /* AuftragViewController.m in Sources */,
				B8B6C5C41850E615004D8038 /* DetailViewController.m in Sources */,
			);
			runOnlyForDeploymentPostprocessing = 0;
		};
		3730A3671850B5A500B8EC4F /* Sources */ = {
			isa = PBXSourcesBuildPhase;
			buildActionMask = 2147483647;
			files = (
				3730A3791850B5A500B8EC4F /* WOLFMobilTests.m in Sources */,
			);
			runOnlyForDeploymentPostprocessing = 0;
		};
/* End PBXSourcesBuildPhase section */

/* Begin PBXTargetDependency section */
		3730A3711850B5A500B8EC4F /* PBXTargetDependency */ = {
			isa = PBXTargetDependency;
			target = 3730A3491850B5A500B8EC4F /* WOLFMobil */;
			targetProxy = 3730A3701850B5A500B8EC4F /* PBXContainerItemProxy */;
		};
/* End PBXTargetDependency section */

/* Begin PBXVariantGroup section */
		3730A3561850B5A500B8EC4F /* InfoPlist.strings */ = {
			isa = PBXVariantGroup;
			children = (
				3730A3571850B5A500B8EC4F /* en */,
			);
			name = InfoPlist.strings;
			sourceTree = "<group>";
		};
		3730A35F1850B5A500B8EC4F /* Main.storyboard */ = {
			isa = PBXVariantGroup;
			children = (
				3730A3601850B5A500B8EC4F /* Base */,
			);
			name = Main.storyboard;
			sourceTree = "<group>";
		};
		3730A3751850B5A500B8EC4F /* InfoPlist.strings */ = {
			isa = PBXVariantGroup;
			children = (
				3730A3761850B5A500B8EC4F /* en */,
			);
			name = InfoPlist.strings;
			sourceTree = "<group>";
		};
/* End PBXVariantGroup section */

/* Begin XCBuildConfiguration section */
		3730A37A1850B5A500B8EC4F /* Debug */ = {
			isa = XCBuildConfiguration;
			buildSettings = {
				ALWAYS_SEARCH_USER_PATHS = NO;
				ARCHS = "$(ARCHS_STANDARD_INCLUDING_64_BIT)";
				CLANG_CXX_LANGUAGE_STANDARD = "gnu++0x";
				CLANG_CXX_LIBRARY = "libc++";
				CLANG_ENABLE_MODULES = YES;
				CLANG_ENABLE_OBJC_ARC = YES;
				CLANG_WARN_BOOL_CONVERSION = YES;
				CLANG_WARN_CONSTANT_CONVERSION = YES;
				CLANG_WARN_DIRECT_OBJC_ISA_USAGE = YES_ERROR;
				CLANG_WARN_EMPTY_BODY = YES;
				CLANG_WARN_ENUM_CONVERSION = YES;
				CLANG_WARN_INT_CONVERSION = YES;
				CLANG_WARN_OBJC_ROOT_CLASS = YES_ERROR;
				CLANG_WARN__DUPLICATE_METHOD_MATCH = YES;
				"CODE_SIGN_IDENTITY[sdk=iphoneos*]" = "iPhone Developer";
				COPY_PHASE_STRIP = NO;
				GCC_C_LANGUAGE_STANDARD = gnu99;
				GCC_DYNAMIC_NO_PIC = NO;
				GCC_OPTIMIZATION_LEVEL = 0;
				GCC_PREPROCESSOR_DEFINITIONS = (
					"DEBUG=1",
					"$(inherited)",
				);
				GCC_SYMBOLS_PRIVATE_EXTERN = NO;
				GCC_WARN_64_TO_32_BIT_CONVERSION = YES;
				GCC_WARN_ABOUT_RETURN_TYPE = YES_ERROR;
				GCC_WARN_UNDECLARED_SELECTOR = YES;
				GCC_WARN_UNINITIALIZED_AUTOS = YES;
				GCC_WARN_UNUSED_FUNCTION = YES;
				GCC_WARN_UNUSED_VARIABLE = YES;
				IPHONEOS_DEPLOYMENT_TARGET = 7.0;
				ONLY_ACTIVE_ARCH = YES;
				SDKROOT = iphoneos;
				TARGETED_DEVICE_FAMILY = 2;
			};
			name = Debug;
		};
		3730A37B1850B5A500B8EC4F /* Release */ = {
			isa = XCBuildConfiguration;
			buildSettings = {
				ALWAYS_SEARCH_USER_PATHS = NO;
				ARCHS = "$(ARCHS_STANDARD_INCLUDING_64_BIT)";
				CLANG_CXX_LANGUAGE_STANDARD = "gnu++0x";
				CLANG_CXX_LIBRARY = "libc++";
				CLANG_ENABLE_MODULES = YES;
				CLANG_ENABLE_OBJC_ARC = YES;
				CLANG_WARN_BOOL_CONVERSION = YES;
				CLANG_WARN_CONSTANT_CONVERSION = YES;
				CLANG_WARN_DIRECT_OBJC_ISA_USAGE = YES_ERROR;
				CLANG_WARN_EMPTY_BODY = YES;
				CLANG_WARN_ENUM_CONVERSION = YES;
				CLANG_WARN_INT_CONVERSION = YES;
				CLANG_WARN_OBJC_ROOT_CLASS = YES_ERROR;
				CLANG_WARN__DUPLICATE_METHOD_MATCH = YES;
				"CODE_SIGN_IDENTITY[sdk=iphoneos*]" = "iPhone Developer";
				COPY_PHASE_STRIP = YES;
				ENABLE_NS_ASSERTIONS = NO;
				GCC_C_LANGUAGE_STANDARD = gnu99;
				GCC_WARN_64_TO_32_BIT_CONVERSION = YES;
				GCC_WARN_ABOUT_RETURN_TYPE = YES_ERROR;
				GCC_WARN_UNDECLARED_SELECTOR = YES;
				GCC_WARN_UNINITIALIZED_AUTOS = YES;
				GCC_WARN_UNUSED_FUNCTION = YES;
				GCC_WARN_UNUSED_VARIABLE = YES;
				IPHONEOS_DEPLOYMENT_TARGET = 7.0;
				SDKROOT = iphoneos;
				TARGETED_DEVICE_FAMILY = 2;
				VALIDATE_PRODUCT = YES;
			};
			name = Release;
		};
		3730A37D1850B5A500B8EC4F /* Debug */ = {
			isa = XCBuildConfiguration;
			buildSettings = {
				ASSETCATALOG_COMPILER_APPICON_NAME = AppIcon;
				ASSETCATALOG_COMPILER_LAUNCHIMAGE_NAME = LaunchImage;
				CODE_SIGN_IDENTITY = "";
				GCC_PRECOMPILE_PREFIX_HEADER = YES;
				GCC_PREFIX_HEADER = "WOLFMobil/WOLFMobil-Prefix.pch";
				INFOPLIST_FILE = "WOLFMobil/WOLFMobil-Info.plist";
				IPHONEOS_DEPLOYMENT_TARGET = 6.1;
				PRODUCT_NAME = "$(TARGET_NAME)";
				TARGETED_DEVICE_FAMILY = 2;
				WRAPPER_EXTENSION = app;
			};
			name = Debug;
		};
		3730A37E1850B5A500B8EC4F /* Release */ = {
			isa = XCBuildConfiguration;
			buildSettings = {
				ASSETCATALOG_COMPILER_APPICON_NAME = AppIcon;
				ASSETCATALOG_COMPILER_LAUNCHIMAGE_NAME = LaunchImage;
				CODE_SIGN_IDENTITY = "";
				GCC_PRECOMPILE_PREFIX_HEADER = YES;
				GCC_PREFIX_HEADER = "WOLFMobil/WOLFMobil-Prefix.pch";
				INFOPLIST_FILE = "WOLFMobil/WOLFMobil-Info.plist";
				IPHONEOS_DEPLOYMENT_TARGET = 6.1;
				PRODUCT_NAME = "$(TARGET_NAME)";
				TARGETED_DEVICE_FAMILY = 2;
				WRAPPER_EXTENSION = app;
			};
			name = Release;
		};
		3730A3801850B5A500B8EC4F /* Debug */ = {
			isa = XCBuildConfiguration;
			buildSettings = {
				ARCHS = "$(ARCHS_STANDARD_INCLUDING_64_BIT)";
				BUNDLE_LOADER = "$(BUILT_PRODUCTS_DIR)/WOLFMobil.app/WOLFMobil";
				FRAMEWORK_SEARCH_PATHS = (
					"$(SDKROOT)/Developer/Library/Frameworks",
					"$(inherited)",
					"$(DEVELOPER_FRAMEWORKS_DIR)",
				);
				GCC_PRECOMPILE_PREFIX_HEADER = YES;
				GCC_PREFIX_HEADER = "WOLFMobil/WOLFMobil-Prefix.pch";
				GCC_PREPROCESSOR_DEFINITIONS = (
					"DEBUG=1",
					"$(inherited)",
				);
				INFOPLIST_FILE = "WOLFMobilTests/WOLFMobilTests-Info.plist";
				PRODUCT_NAME = "$(TARGET_NAME)";
				TEST_HOST = "$(BUNDLE_LOADER)";
				WRAPPER_EXTENSION = xctest;
			};
			name = Debug;
		};
		3730A3811850B5A500B8EC4F /* Release */ = {
			isa = XCBuildConfiguration;
			buildSettings = {
				ARCHS = "$(ARCHS_STANDARD_INCLUDING_64_BIT)";
				BUNDLE_LOADER = "$(BUILT_PRODUCTS_DIR)/WOLFMobil.app/WOLFMobil";
				FRAMEWORK_SEARCH_PATHS = (
					"$(SDKROOT)/Developer/Library/Frameworks",
					"$(inherited)",
					"$(DEVELOPER_FRAMEWORKS_DIR)",
				);
				GCC_PRECOMPILE_PREFIX_HEADER = YES;
				GCC_PREFIX_HEADER = "WOLFMobil/WOLFMobil-Prefix.pch";
				INFOPLIST_FILE = "WOLFMobilTests/WOLFMobilTests-Info.plist";
				PRODUCT_NAME = "$(TARGET_NAME)";
				TEST_HOST = "$(BUNDLE_LOADER)";
				WRAPPER_EXTENSION = xctest;
			};
			name = Release;
		};
/* End XCBuildConfiguration section */

/* Begin XCConfigurationList section */
		3730A3451850B5A500B8EC4F /* Build configuration list for PBXProject "WOLFMobil" */ = {
			isa = XCConfigurationList;
			buildConfigurations = (
				3730A37A1850B5A500B8EC4F /* Debug */,
				3730A37B1850B5A500B8EC4F /* Release */,
			);
			defaultConfigurationIsVisible = 0;
			defaultConfigurationName = Release;
		};
		3730A37C1850B5A500B8EC4F /* Build configuration list for PBXNativeTarget "WOLFMobil" */ = {
			isa = XCConfigurationList;
			buildConfigurations = (
				3730A37D1850B5A500B8EC4F /* Debug */,
				3730A37E1850B5A500B8EC4F /* Release */,
			);
			defaultConfigurationIsVisible = 0;
			defaultConfigurationName = Release;
		};
		3730A37F1850B5A500B8EC4F /* Build configuration list for PBXNativeTarget "WOLFMobilTests" */ = {
			isa = XCConfigurationList;
			buildConfigurations = (
				3730A3801850B5A500B8EC4F /* Debug */,
				3730A3811850B5A500B8EC4F /* Release */,
			);
			defaultConfigurationIsVisible = 0;
			defaultConfigurationName = Release;
		};
/* End XCConfigurationList section */
	};
	rootObject = 3730A3421850B5A500B8EC4F /* Project object */;
}
